
Microsoft Visual Studio Solution File, Format Version 12.00
# Visual Studio Version 17
VisualStudioVersion = 17.2.32630.192
MinimumVisualStudioVersion = 10.0.40219.1
Project("{9A19103F-16F7-4668-BE54-9A1E7A4F7556}") = "Abstracts", "src\Abstracts\Abstracts.csproj", "{140610FD-2EBA-429F-9622-9BE0E0F7042F}"
EndProject
Project("{9A19103F-16F7-4668-BE54-9A1E7A4F7556}") = "Library.Domain", "src\Library.Domain\Library.Domain.csproj", "{923F2A92-377B-4C22-9EBA-B2ACE0559CCF}"
EndProject
Project("{9A19103F-16F7-4668-BE54-9A1E7A4F7556}") = "WebService", "src\WebService\WebService.csproj", "{A72408B7-1321-449B-8611-6D4DA433AC36}"
EndProject
Project("{FAE04EC0-301F-11D3-BF4B-00C04F79EFBC}") = "Library.Messages", "src\Library.Messages\Library.Messages.csproj", "{061279CD-5235-4499-97FD-805F87A292C7}"
EndProject
Global
	GlobalSection(SolutionConfigurationPlatforms) = preSolution
		Debug|Any CPU = Debug|Any CPU
		Release|Any CPU = Release|Any CPU
	EndGlobalSection
	GlobalSection(ProjectConfigurationPlatforms) = postSolution
		{140610FD-2EBA-429F-9622-9BE0E0F7042F}.Debug|Any CPU.ActiveCfg = Debug|Any CPU
		{140610FD-2EBA-429F-9622-9BE0E0F7042F}.Debug|Any CPU.Build.0 = Debug|Any CPU
		{140610FD-2EBA-429F-9622-9BE0E0F7042F}.Release|Any CPU.ActiveCfg = Release|Any CPU
		{140610FD-2EBA-429F-9622-9BE0E0F7042F}.Release|Any CPU.Build.0 = Release|Any CPU
		{923F2A92-377B-4C22-9EBA-B2ACE0559CCF}.Debug|Any CPU.ActiveCfg = Debug|Any CPU
		{923F2A92-377B-4C22-9EBA-B2ACE0559CCF}.Debug|Any CPU.Build.0 = Debug|Any CPU
		{923F2A92-377B-4C22-9EBA-B2ACE0559CCF}.Release|Any CPU.ActiveCfg = Release|Any CPU
		{923F2A92-377B-4C22-9EBA-B2ACE0559CCF}.Release|Any CPU.Build.0 = Release|Any CPU
		{A72408B7-1321-449B-8611-6D4DA433AC36}.Debug|Any CPU.ActiveCfg = Debug|Any CPU
		{A72408B7-1321-449B-8611-6D4DA433AC36}.Debug|Any CPU.Build.0 = Debug|Any CPU
		{A72408B7-1321-449B-8611-6D4DA433AC36}.Release|Any CPU.ActiveCfg = Release|Any CPU
		{A72408B7-1321-449B-8611-6D4DA433AC36}.Release|Any CPU.Build.0 = Release|Any CPU
		{061279CD-5235-4499-97FD-805F87A292C7}.Debug|Any CPU.ActiveCfg = Debug|Any CPU
		{061279CD-5235-4499-97FD-805F87A292C7}.Debug|Any CPU.Build.0 = Debug|Any CPU
		{061279CD-5235-4499-97FD-805F87A292C7}.Release|Any CPU.ActiveCfg = Release|Any CPU
		{061279CD-5235-4499-97FD-805F87A292C7}.Release|Any CPU.Build.0 = Release|Any CPU
	EndGlobalSection
	GlobalSection(SolutionProperties) = preSolution
		HideSolutionNode = FALSE
	EndGlobalSection
	GlobalSection(ExtensibilityGlobals) = postSolution
		SolutionGuid = {FF82B321-9ED2-4B4B-8F35-2A11733EBBCD}
	EndGlobalSection
EndGlobal
