
Microsoft Visual Studio Solution File, Format Version 12.00
# Visual Studio Version 16
VisualStudioVersion = 16.0.34031.81
MinimumVisualStudioVersion = 10.0.40219.1
Project("{9A19103F-16F7-4668-BE54-9A1E7A4F7556}") = "Abstracts", "LibraryServer\src\Abstracts\Abstracts.csproj", "{5D8D0B11-5BD6-4AEF-8865-B5C373742025}"
EndProject
Project("{9A19103F-16F7-4668-BE54-9A1E7A4F7556}") = "Library.Domain", "LibraryServer\src\Library.Domain\Library.Domain.csproj", "{3FCA59D9-CE7A-49B6-9024-BDE2147BF039}"
EndProject
Project("{9A19103F-16F7-4668-BE54-9A1E7A4F7556}") = "WebService", "LibraryServer\src\WebService\WebService.csproj", "{101C2B6B-BED9-4AF4-B7FE-0313F96CE3BD}"
EndProject
Global
	GlobalSection(SolutionConfigurationPlatforms) = preSolution
		Debug|Any CPU = Debug|Any CPU
		Release|Any CPU = Release|Any CPU
	EndGlobalSection
	GlobalSection(ProjectConfigurationPlatforms) = postSolution
		{5D8D0B11-5BD6-4AEF-8865-B5C373742025}.Debug|Any CPU.ActiveCfg = Debug|Any CPU
		{5D8D0B11-5BD6-4AEF-8865-B5C373742025}.Debug|Any CPU.Build.0 = Debug|Any CPU
		{5D8D0B11-5BD6-4AEF-8865-B5C373742025}.Release|Any CPU.ActiveCfg = Release|Any CPU
		{5D8D0B11-5BD6-4AEF-8865-B5C373742025}.Release|Any CPU.Build.0 = Release|Any CPU
		{3FCA59D9-CE7A-49B6-9024-BDE2147BF039}.Debug|Any CPU.ActiveCfg = Debug|Any CPU
		{3FCA59D9-CE7A-49B6-9024-BDE2147BF039}.Debug|Any CPU.Build.0 = Debug|Any CPU
		{3FCA59D9-CE7A-49B6-9024-BDE2147BF039}.Release|Any CPU.ActiveCfg = Release|Any CPU
		{3FCA59D9-CE7A-49B6-9024-BDE2147BF039}.Release|Any CPU.Build.0 = Release|Any CPU
		{101C2B6B-BED9-4AF4-B7FE-0313F96CE3BD}.Debug|Any CPU.ActiveCfg = Debug|Any CPU
		{101C2B6B-BED9-4AF4-B7FE-0313F96CE3BD}.Debug|Any CPU.Build.0 = Debug|Any CPU
		{101C2B6B-BED9-4AF4-B7FE-0313F96CE3BD}.Release|Any CPU.ActiveCfg = Release|Any CPU
		{101C2B6B-BED9-4AF4-B7FE-0313F96CE3BD}.Release|Any CPU.Build.0 = Release|Any CPU
	EndGlobalSection
	GlobalSection(SolutionProperties) = preSolution
		HideSolutionNode = FALSE
	EndGlobalSection
	GlobalSection(ExtensibilityGlobals) = postSolution
		SolutionGuid = {FF82B321-9ED2-4B4B-8F35-2A11733EBBCD}
	EndGlobalSection
EndGlobal
